<?xml version="1.0" encoding="utf-8"?>
<Project ToolsVersion="4.0" xmlns="http://schemas.microsoft.com/developer/msbuild/2003">
  <ItemGroup>
    <Filter Include="Source Files">
      <UniqueIdentifier>{4FC737F1-C7A5-4376-A066-2A32D752A2FF}</UniqueIdentifier>
      <Extensions>cpp;cxx;c;def</Extensions>
    </Filter>
    <Filter Include="Header Files">
      <UniqueIdentifier>{93995380-89BD-4b04-88EB-625FBE52EBFB}</UniqueIdentifier>
      <Extensions>h</Extensions>
    </Filter>
    <Filter Include="Form Files">
      <UniqueIdentifier>{99349809-55BA-4b9d-BF79-8FDBB0286EB3}</UniqueIdentifier>
      <Extensions>ui</Extensions>
    </Filter>
    <Filter Include="Resource Files">
      <UniqueIdentifier>{D9D6E242-F8AF-46E4-B9FD-80ECBC20BA3E}</UniqueIdentifier>
      <Extensions>qrc;*</Extensions>
      <ParseFiles>false</ParseFiles>
    </Filter>
    <Filter Include="Generated Files">
      <UniqueIdentifier>{71ED8ED8-ACB9-4CE9-BBE1-E00B30144E11}</UniqueIdentifier>
      <Extensions>moc;h;cpp</Extensions>
      <SourceControlFiles>False</SourceControlFiles>
    </Filter>
    <Filter Include="Generated Files\Debug">
      <UniqueIdentifier>{88a212c3-1618-43ef-9949-412ae6094bfa}</UniqueIdentifier>
      <Extensions>cpp;moc</Extensions>
      <SourceControlFiles>False</SourceControlFiles>
    </Filter>
    <Filter Include="Generated Files\Release">
      <UniqueIdentifier>{2ba4bd20-f5c4-4756-9aa6-9ea811b124eb}</UniqueIdentifier>
      <Extensions>cpp;moc</Extensions>
      <SourceControlFiles>False</SourceControlFiles>
    </Filter>
  </ItemGroup>
  <ItemGroup>
    <ClCompile Include="main.cpp">
      <Filter>Source Files</Filter>
    </ClCompile>
    <ClCompile Include="waiter.cpp">
      <Filter>Source Files</Filter>
    </ClCompile>
    <ClCompile Include="GeneratedFiles\Debug\moc_waiter.cpp">
      <Filter>Generated Files\Debug</Filter>
    </ClCompile>
    <ClCompile Include="GeneratedFiles\Release\moc_waiter.cpp">
      <Filter>Generated Files\Release</Filter>
    </ClCompile>
    <ClCompile Include="GeneratedFiles\qrc_waiter.cpp">
      <Filter>Generated Files</Filter>
    </ClCompile>
    <ClCompile Include="employee.cpp">
      <Filter>Source Files</Filter>
    </ClCompile>
    <ClCompile Include="customer.cpp">
      <Filter>Source Files</Filter>
    </ClCompile>
    <ClCompile Include="order.cpp">
      <Filter>Source Files</Filter>
    </ClCompile>
    <ClCompile Include="reservation.cpp">
      <Filter>Source Files</Filter>
    </ClCompile>
    <ClCompile Include="itemwithamount.cpp">
      <Filter>Source Files</Filter>
    </ClCompile>
    <ClCompile Include="fooditem.cpp">
      <Filter>Source Files</Filter>
    </ClCompile>
    <ClCompile Include="deal.cpp">
      <Filter>Source Files</Filter>
    </ClCompile>
    <ClCompile Include="sitting_arrangment.cpp">
      <Filter>Source Files</Filter>
    </ClCompile>
    <ClCompile Include="table.cpp">
      <Filter>Source Files</Filter>
    </ClCompile>
  </ItemGroup>
  <ItemGroup>
    <CustomBuild Include="waiter.h">
      <Filter>Header Files</Filter>
    </CustomBuild>
    <CustomBuild Include="waiter.ui">
      <Filter>Form Files</Filter>
    </CustomBuild>
    <CustomBuild Include="waiter.qrc">
      <Filter>Resource Files</Filter>
    </CustomBuild>
  </ItemGroup>
  <ItemGroup>
    <ClInclude Include="GeneratedFiles\ui_waiter.h">
      <Filter>Generated Files</Filter>
    </ClInclude>
    <ClInclude Include="employee.h">
      <Filter>Header Files</Filter>
    </ClInclude>
    <ClInclude Include="customer.h">
      <Filter>Header Files</Filter>
    </ClInclude>
    <ClInclude Include="order.h">
      <Filter>Header Files</Filter>
    </ClInclude>
    <ClInclude Include="reservation.h">
      <Filter>Header Files</Filter>
    </ClInclude>
    <ClInclude Include="itemwithamount.h">
      <Filter>Header Files</Filter>
    </ClInclude>
    <ClInclude Include="fooditem.h">
      <Filter>Header Files</Filter>
    </ClInclude>
    <ClInclude Include="deal.h">
      <Filter>Header Files</Filter>
    </ClInclude>
    <ClInclude Include="sitting_arrangement.h">
      <Filter>Header Files</Filter>
    </ClInclude>
    <ClInclude Include="table.h">
      <Filter>Header Files</Filter>
    </ClInclude>
    <ClInclude Include="bal.h">
      <Filter>Header Files</Filter>
    </ClInclude>
    <ClInclude Include="dal.h">
      <Filter>Header Files</Filter>
    </ClInclude>
  </ItemGroup>
</Project>
